// !$*UTF8*$!
{
	archiveVersion = 1;
	classes = {
	};
	objectVersion = 55;
	objects = {

/* Begin PBXBuildFile section */
		FC4DEF4E27DE1B8A00D06CFA /* DataLayer.framework in Frameworks */ = {isa = PBXBuildFile; fileRef = FC4DEF4527DE1B8A00D06CFA /* DataLayer.framework */; };
		FC4DEF5427DE1B8A00D06CFA /* DataLayer.h in Headers */ = {isa = PBXBuildFile; fileRef = FC4DEF4827DE1B8A00D06CFA /* DataLayer.h */; settings = {ATTRIBUTES = (Public, ); }; };
		FCE8607827DE1BA2001C0375 /* DomainLayer.framework in Frameworks */ = {isa = PBXBuildFile; fileRef = FCE8607727DE1BA2001C0375 /* DomainLayer.framework */; };
		FCE8607927DE1BA2001C0375 /* DomainLayer.framework in Embed Frameworks */ = {isa = PBXBuildFile; fileRef = FCE8607727DE1BA2001C0375 /* DomainLayer.framework */; settings = {ATTRIBUTES = (CodeSignOnCopy, RemoveHeadersOnCopy, ); }; };
		FCE8607D27DE1C62001C0375 /* NetworkServiceProtocol.swift in Sources */ = {isa = PBXBuildFile; fileRef = FCE8607C27DE1C62001C0375 /* NetworkServiceProtocol.swift */; };
		FCE8607F27DE1C69001C0375 /* NetworkService.swift in Sources */ = {isa = PBXBuildFile; fileRef = FCE8607E27DE1C69001C0375 /* NetworkService.swift */; };
		FCE8608127DE1C98001C0375 /* URLSessionProtocol.swift in Sources */ = {isa = PBXBuildFile; fileRef = FCE8608027DE1C98001C0375 /* URLSessionProtocol.swift */; };
		FCE8608827DE1D27001C0375 /* GithubRepoSearchProvider.swift in Sources */ = {isa = PBXBuildFile; fileRef = FCE8608727DE1D27001C0375 /* GithubRepoSearchProvider.swift */; };
		FCE8609427DE1EE5001C0375 /* RepositoriesDTO.swift in Sources */ = {isa = PBXBuildFile; fileRef = FCE8609327DE1EE5001C0375 /* RepositoriesDTO.swift */; };
		FCE8609727DE2697001C0375 /* ConfigurationProtocol.swift in Sources */ = {isa = PBXBuildFile; fileRef = FCE8609627DE2697001C0375 /* ConfigurationProtocol.swift */; };
		FCE8609927DE269D001C0375 /* Configuration.swift in Sources */ = {isa = PBXBuildFile; fileRef = FCE8609827DE269D001C0375 /* Configuration.swift */; };
		FCE8609D27DE2CC8001C0375 /* MockNetworkService.swift in Sources */ = {isa = PBXBuildFile; fileRef = FCE8609C27DE2CC8001C0375 /* MockNetworkService.swift */; };
		FCE8609F27DE2CD1001C0375 /* MockConfiguration.swift in Sources */ = {isa = PBXBuildFile; fileRef = FCE8609E27DE2CD1001C0375 /* MockConfiguration.swift */; };
		FCE860A127DE2D3F001C0375 /* GithubRepoSearchProviderTests.swift in Sources */ = {isa = PBXBuildFile; fileRef = FCE860A027DE2D3F001C0375 /* GithubRepoSearchProviderTests.swift */; };
		FCE860A327DE2E13001C0375 /* EmptyError.swift in Sources */ = {isa = PBXBuildFile; fileRef = FCE860A227DE2E13001C0375 /* EmptyError.swift */; };
/* End PBXBuildFile section */

/* Begin PBXContainerItemProxy section */
		FC4DEF4F27DE1B8A00D06CFA /* PBXContainerItemProxy */ = {
			isa = PBXContainerItemProxy;
			containerPortal = FC4DEF3C27DE1B8A00D06CFA /* Project object */;
			proxyType = 1;
			remoteGlobalIDString = FC4DEF4427DE1B8A00D06CFA;
			remoteInfo = DataLayer;
		};
/* End PBXContainerItemProxy section */

/* Begin PBXCopyFilesBuildPhase section */
		FCE8607A27DE1BA2001C0375 /* Embed Frameworks */ = {
			isa = PBXCopyFilesBuildPhase;
			buildActionMask = 2147483647;
			dstPath = "";
			dstSubfolderSpec = 10;
			files = (
				FCE8607927DE1BA2001C0375 /* DomainLayer.framework in Embed Frameworks */,
			);
			name = "Embed Frameworks";
			runOnlyForDeploymentPostprocessing = 0;
		};
/* End PBXCopyFilesBuildPhase section */

/* Begin PBXFileReference section */
		FC4DEF4527DE1B8A00D06CFA /* DataLayer.framework */ = {isa = PBXFileReference; explicitFileType = wrapper.framework; includeInIndex = 0; path = DataLayer.framework; sourceTree = BUILT_PRODUCTS_DIR; };
		FC4DEF4827DE1B8A00D06CFA /* DataLayer.h */ = {isa = PBXFileReference; lastKnownFileType = sourcecode.c.h; path = DataLayer.h; sourceTree = "<group>"; };
		FC4DEF4D27DE1B8A00D06CFA /* DataLayerTests.xctest */ = {isa = PBXFileReference; explicitFileType = wrapper.cfbundle; includeInIndex = 0; path = DataLayerTests.xctest; sourceTree = BUILT_PRODUCTS_DIR; };
		FCE8607727DE1BA2001C0375 /* DomainLayer.framework */ = {isa = PBXFileReference; explicitFileType = wrapper.framework; path = DomainLayer.framework; sourceTree = BUILT_PRODUCTS_DIR; };
		FCE8607C27DE1C62001C0375 /* NetworkServiceProtocol.swift */ = {isa = PBXFileReference; lastKnownFileType = sourcecode.swift; path = NetworkServiceProtocol.swift; sourceTree = "<group>"; };
		FCE8607E27DE1C69001C0375 /* NetworkService.swift */ = {isa = PBXFileReference; lastKnownFileType = sourcecode.swift; path = NetworkService.swift; sourceTree = "<group>"; };
		FCE8608027DE1C98001C0375 /* URLSessionProtocol.swift */ = {isa = PBXFileReference; lastKnownFileType = sourcecode.swift; path = URLSessionProtocol.swift; sourceTree = "<group>"; };
		FCE8608727DE1D27001C0375 /* GithubRepoSearchProvider.swift */ = {isa = PBXFileReference; lastKnownFileType = sourcecode.swift; path = GithubRepoSearchProvider.swift; sourceTree = "<group>"; };
		FCE8609327DE1EE5001C0375 /* RepositoriesDTO.swift */ = {isa = PBXFileReference; lastKnownFileType = sourcecode.swift; path = RepositoriesDTO.swift; sourceTree = "<group>"; };
		FCE8609627DE2697001C0375 /* ConfigurationProtocol.swift */ = {isa = PBXFileReference; lastKnownFileType = sourcecode.swift; path = ConfigurationProtocol.swift; sourceTree = "<group>"; };
		FCE8609827DE269D001C0375 /* Configuration.swift */ = {isa = PBXFileReference; lastKnownFileType = sourcecode.swift; path = Configuration.swift; sourceTree = "<group>"; };
		FCE8609C27DE2CC8001C0375 /* MockNetworkService.swift */ = {isa = PBXFileReference; lastKnownFileType = sourcecode.swift; path = MockNetworkService.swift; sourceTree = "<group>"; };
		FCE8609E27DE2CD1001C0375 /* MockConfiguration.swift */ = {isa = PBXFileReference; lastKnownFileType = sourcecode.swift; path = MockConfiguration.swift; sourceTree = "<group>"; };
		FCE860A027DE2D3F001C0375 /* GithubRepoSearchProviderTests.swift */ = {isa = PBXFileReference; lastKnownFileType = sourcecode.swift; path = GithubRepoSearchProviderTests.swift; sourceTree = "<group>"; };
		FCE860A227DE2E13001C0375 /* EmptyError.swift */ = {isa = PBXFileReference; lastKnownFileType = sourcecode.swift; path = EmptyError.swift; sourceTree = "<group>"; };
/* End PBXFileReference section */

/* Begin PBXFrameworksBuildPhase section */
		FC4DEF4227DE1B8A00D06CFA /* Frameworks */ = {
			isa = PBXFrameworksBuildPhase;
			buildActionMask = 2147483647;
			files = (
				FCE8607827DE1BA2001C0375 /* DomainLayer.framework in Frameworks */,
			);
			runOnlyForDeploymentPostprocessing = 0;
		};
		FC4DEF4A27DE1B8A00D06CFA /* Frameworks */ = {
			isa = PBXFrameworksBuildPhase;
			buildActionMask = 2147483647;
			files = (
				FC4DEF4E27DE1B8A00D06CFA /* DataLayer.framework in Frameworks */,
			);
			runOnlyForDeploymentPostprocessing = 0;
		};
/* End PBXFrameworksBuildPhase section */

/* Begin PBXGroup section */
		FC4DEF3B27DE1B8A00D06CFA = {
			isa = PBXGroup;
			children = (
				FC4DEF4727DE1B8A00D06CFA /* DataLayer */,
				FC4DEF5127DE1B8A00D06CFA /* DataLayerTests */,
				FC4DEF4627DE1B8A00D06CFA /* Products */,
				FCE8607627DE1BA2001C0375 /* Frameworks */,
			);
			sourceTree = "<group>";
		};
		FC4DEF4627DE1B8A00D06CFA /* Products */ = {
			isa = PBXGroup;
			children = (
				FC4DEF4527DE1B8A00D06CFA /* DataLayer.framework */,
				FC4DEF4D27DE1B8A00D06CFA /* DataLayerTests.xctest */,
			);
			name = Products;
			sourceTree = "<group>";
		};
		FC4DEF4727DE1B8A00D06CFA /* DataLayer */ = {
			isa = PBXGroup;
			children = (
				FCE8609527DE268D001C0375 /* Configuration */,
				FCE8608227DE1CE5001C0375 /* Github */,
				FCE8607B27DE1C56001C0375 /* Network */,
				FC4DEF4827DE1B8A00D06CFA /* DataLayer.h */,
			);
			path = DataLayer;
			sourceTree = "<group>";
		};
		FC4DEF5127DE1B8A00D06CFA /* DataLayerTests */ = {
			isa = PBXGroup;
			children = (
				FCE8609B27DE2CBB001C0375 /* Tests */,
				FCE8609A27DE2CB4001C0375 /* Mocks */,
			);
			path = DataLayerTests;
			sourceTree = "<group>";
		};
		FCE8607627DE1BA2001C0375 /* Frameworks */ = {
			isa = PBXGroup;
			children = (
				FCE8607727DE1BA2001C0375 /* DomainLayer.framework */,
			);
			name = Frameworks;
			sourceTree = "<group>";
		};
		FCE8607B27DE1C56001C0375 /* Network */ = {
			isa = PBXGroup;
			children = (
				FCE8607C27DE1C62001C0375 /* NetworkServiceProtocol.swift */,
				FCE8607E27DE1C69001C0375 /* NetworkService.swift */,
				FCE8608027DE1C98001C0375 /* URLSessionProtocol.swift */,
			);
			path = Network;
			sourceTree = "<group>";
		};
		FCE8608227DE1CE5001C0375 /* Github */ = {
			isa = PBXGroup;
			children = (
				FCE8609227DE1EDD001C0375 /* Entities */,
				FCE8608727DE1D27001C0375 /* GithubRepoSearchProvider.swift */,
			);
			path = Github;
			sourceTree = "<group>";
		};
		FCE8609227DE1EDD001C0375 /* Entities */ = {
			isa = PBXGroup;
			children = (
				FCE8609327DE1EE5001C0375 /* RepositoriesDTO.swift */,
			);
			path = Entities;
			sourceTree = "<group>";
		};
		FCE8609527DE268D001C0375 /* Configuration */ = {
			isa = PBXGroup;
			children = (
				FCE8609627DE2697001C0375 /* ConfigurationProtocol.swift */,
				FCE8609827DE269D001C0375 /* Configuration.swift */,
			);
			path = Configuration;
			sourceTree = "<group>";
		};
		FCE8609A27DE2CB4001C0375 /* Mocks */ = {
			isa = PBXGroup;
			children = (
				FCE8609C27DE2CC8001C0375 /* MockNetworkService.swift */,
				FCE8609E27DE2CD1001C0375 /* MockConfiguration.swift */,
				FCE860A227DE2E13001C0375 /* EmptyError.swift */,
			);
			path = Mocks;
			sourceTree = "<group>";
		};
		FCE8609B27DE2CBB001C0375 /* Tests */ = {
			isa = PBXGroup;
			children = (
				FCE860A027DE2D3F001C0375 /* GithubRepoSearchProviderTests.swift */,
			);
			path = Tests;
			sourceTree = "<group>";
		};
/* End PBXGroup section */

/* Begin PBXHeadersBuildPhase section */
		FC4DEF4027DE1B8A00D06CFA /* Headers */ = {
			isa = PBXHeadersBuildPhase;
			buildActionMask = 2147483647;
			files = (
				FC4DEF5427DE1B8A00D06CFA /* DataLayer.h in Headers */,
			);
			runOnlyForDeploymentPostprocessing = 0;
		};
/* End PBXHeadersBuildPhase section */

/* Begin PBXNativeTarget section */
		FC4DEF4427DE1B8A00D06CFA /* DataLayer */ = {
			isa = PBXNativeTarget;
			buildConfigurationList = FC4DEF5727DE1B8A00D06CFA /* Build configuration list for PBXNativeTarget "DataLayer" */;
			buildPhases = (
				FC4DEF4027DE1B8A00D06CFA /* Headers */,
				FC4DEF4127DE1B8A00D06CFA /* Sources */,
				FC4DEF4227DE1B8A00D06CFA /* Frameworks */,
				FC4DEF4327DE1B8A00D06CFA /* Resources */,
				FCE8607A27DE1BA2001C0375 /* Embed Frameworks */,
			);
			buildRules = (
			);
			dependencies = (
			);
			name = DataLayer;
			productName = DataLayer;
			productReference = FC4DEF4527DE1B8A00D06CFA /* DataLayer.framework */;
			productType = "com.apple.product-type.framework";
		};
		FC4DEF4C27DE1B8A00D06CFA /* DataLayerTests */ = {
			isa = PBXNativeTarget;
			buildConfigurationList = FC4DEF5A27DE1B8A00D06CFA /* Build configuration list for PBXNativeTarget "DataLayerTests" */;
			buildPhases = (
				FC4DEF4927DE1B8A00D06CFA /* Sources */,
				FC4DEF4A27DE1B8A00D06CFA /* Frameworks */,
				FC4DEF4B27DE1B8A00D06CFA /* Resources */,
			);
			buildRules = (
			);
			dependencies = (
				FC4DEF5027DE1B8A00D06CFA /* PBXTargetDependency */,
			);
			name = DataLayerTests;
			productName = DataLayerTests;
			productReference = FC4DEF4D27DE1B8A00D06CFA /* DataLayerTests.xctest */;
			productType = "com.apple.product-type.bundle.unit-test";
		};
/* End PBXNativeTarget section */

/* Begin PBXProject section */
		FC4DEF3C27DE1B8A00D06CFA /* Project object */ = {
			isa = PBXProject;
			attributes = {
				BuildIndependentTargetsInParallel = 1;
				LastSwiftUpdateCheck = 1320;
				LastUpgradeCheck = 1320;
				TargetAttributes = {
					FC4DEF4427DE1B8A00D06CFA = {
						CreatedOnToolsVersion = 13.2.1;
						LastSwiftMigration = 1320;
					};
					FC4DEF4C27DE1B8A00D06CFA = {
						CreatedOnToolsVersion = 13.2.1;
					};
				};
			};
			buildConfigurationList = FC4DEF3F27DE1B8A00D06CFA /* Build configuration list for PBXProject "DataLayer" */;
			compatibilityVersion = "Xcode 13.0";
			developmentRegion = en;
			hasScannedForEncodings = 0;
			knownRegions = (
				en,
				Base,
			);
			mainGroup = FC4DEF3B27DE1B8A00D06CFA;
			productRefGroup = FC4DEF4627DE1B8A00D06CFA /* Products */;
			projectDirPath = "";
			projectRoot = "";
			targets = (
				FC4DEF4427DE1B8A00D06CFA /* DataLayer */,
				FC4DEF4C27DE1B8A00D06CFA /* DataLayerTests */,
			);
		};
/* End PBXProject section */

/* Begin PBXResourcesBuildPhase section */
		FC4DEF4327DE1B8A00D06CFA /* Resources */ = {
			isa = PBXResourcesBuildPhase;
			buildActionMask = 2147483647;
			files = (
			);
			runOnlyForDeploymentPostprocessing = 0;
		};
		FC4DEF4B27DE1B8A00D06CFA /* Resources */ = {
			isa = PBXResourcesBuildPhase;
			buildActionMask = 2147483647;
			files = (
			);
			runOnlyForDeploymentPostprocessing = 0;
		};
/* End PBXResourcesBuildPhase section */

/* Begin PBXSourcesBuildPhase section */
		FC4DEF4127DE1B8A00D06CFA /* Sources */ = {
			isa = PBXSourcesBuildPhase;
			buildActionMask = 2147483647;
			files = (
				FCE8609727DE2697001C0375 /* ConfigurationProtocol.swift in Sources */,
				FCE8608127DE1C98001C0375 /* URLSessionProtocol.swift in Sources */,
				FCE8609927DE269D001C0375 /* Configuration.swift in Sources */,
				FCE8607F27DE1C69001C0375 /* NetworkService.swift in Sources */,
				FCE8607D27DE1C62001C0375 /* NetworkServiceProtocol.swift in Sources */,
				FCE8608827DE1D27001C0375 /* GithubRepoSearchProvider.swift in Sources */,
				FCE8609427DE1EE5001C0375 /* RepositoriesDTO.swift in Sources */,
			);
			runOnlyForDeploymentPostprocessing = 0;
		};
		FC4DEF4927DE1B8A00D06CFA /* Sources */ = {
			isa = PBXSourcesBuildPhase;
			buildActionMask = 2147483647;
			files = (
				FCE860A327DE2E13001C0375 /* EmptyError.swift in Sources */,
				FCE860A127DE2D3F001C0375 /* GithubRepoSearchProviderTests.swift in Sources */,
				FCE8609F27DE2CD1001C0375 /* MockConfiguration.swift in Sources */,
				FCE8609D27DE2CC8001C0375 /* MockNetworkService.swift in Sources */,
			);
			runOnlyForDeploymentPostprocessing = 0;
		};
/* End PBXSourcesBuildPhase section */

/* Begin PBXTargetDependency section */
		FC4DEF5027DE1B8A00D06CFA /* PBXTargetDependency */ = {
			isa = PBXTargetDependency;
			target = FC4DEF4427DE1B8A00D06CFA /* DataLayer */;
			targetProxy = FC4DEF4F27DE1B8A00D06CFA /* PBXContainerItemProxy */;
		};
/* End PBXTargetDependency section */

/* Begin XCBuildConfiguration section */
		FC4DEF5527DE1B8A00D06CFA /* Debug */ = {
			isa = XCBuildConfiguration;
			buildSettings = {
				ALWAYS_SEARCH_USER_PATHS = NO;
				CLANG_ANALYZER_NONNULL = YES;
				CLANG_ANALYZER_NUMBER_OBJECT_CONVERSION = YES_AGGRESSIVE;
				CLANG_CXX_LANGUAGE_STANDARD = "gnu++17";
				CLANG_CXX_LIBRARY = "libc++";
				CLANG_ENABLE_MODULES = YES;
				CLANG_ENABLE_OBJC_ARC = YES;
				CLANG_ENABLE_OBJC_WEAK = YES;
				CLANG_WARN_BLOCK_CAPTURE_AUTORELEASING = YES;
				CLANG_WARN_BOOL_CONVERSION = YES;
				CLANG_WARN_COMMA = YES;
				CLANG_WARN_CONSTANT_CONVERSION = YES;
				CLANG_WARN_DEPRECATED_OBJC_IMPLEMENTATIONS = YES;
				CLANG_WARN_DIRECT_OBJC_ISA_USAGE = YES_ERROR;
				CLANG_WARN_DOCUMENTATION_COMMENTS = YES;
				CLANG_WARN_EMPTY_BODY = YES;
				CLANG_WARN_ENUM_CONVERSION = YES;
				CLANG_WARN_INFINITE_RECURSION = YES;
				CLANG_WARN_INT_CONVERSION = YES;
				CLANG_WARN_NON_LITERAL_NULL_CONVERSION = YES;
				CLANG_WARN_OBJC_IMPLICIT_RETAIN_SELF = YES;
				CLANG_WARN_OBJC_LITERAL_CONVERSION = YES;
				CLANG_WARN_OBJC_ROOT_CLASS = YES_ERROR;
				CLANG_WARN_QUOTED_INCLUDE_IN_FRAMEWORK_HEADER = YES;
				CLANG_WARN_RANGE_LOOP_ANALYSIS = YES;
				CLANG_WARN_STRICT_PROTOTYPES = YES;
				CLANG_WARN_SUSPICIOUS_MOVE = YES;
				CLANG_WARN_UNGUARDED_AVAILABILITY = YES_AGGRESSIVE;
				CLANG_WARN_UNREACHABLE_CODE = YES;
				CLANG_WARN__DUPLICATE_METHOD_MATCH = YES;
				COPY_PHASE_STRIP = NO;
				CURRENT_PROJECT_VERSION = 1;
				DEBUG_INFORMATION_FORMAT = dwarf;
				ENABLE_STRICT_OBJC_MSGSEND = YES;
				ENABLE_TESTABILITY = YES;
				GCC_C_LANGUAGE_STANDARD = gnu11;
				GCC_DYNAMIC_NO_PIC = NO;
				GCC_NO_COMMON_BLOCKS = YES;
				GCC_OPTIMIZATION_LEVEL = 0;
				GCC_PREPROCESSOR_DEFINITIONS = (
					"DEBUG=1",
					"$(inherited)",
				);
				GCC_WARN_64_TO_32_BIT_CONVERSION = YES;
				GCC_WARN_ABOUT_RETURN_TYPE = YES_ERROR;
				GCC_WARN_UNDECLARED_SELECTOR = YES;
				GCC_WARN_UNINITIALIZED_AUTOS = YES_AGGRESSIVE;
				GCC_WARN_UNUSED_FUNCTION = YES;
				GCC_WARN_UNUSED_VARIABLE = YES;
				IPHONEOS_DEPLOYMENT_TARGET = 15.2;
				MTL_ENABLE_DEBUG_INFO = INCLUDE_SOURCE;
				MTL_FAST_MATH = YES;
				ONLY_ACTIVE_ARCH = YES;
				SDKROOT = iphoneos;
				SWIFT_ACTIVE_COMPILATION_CONDITIONS = DEBUG;
				SWIFT_OPTIMIZATION_LEVEL = "-Onone";
				VERSIONING_SYSTEM = "apple-generic";
				VERSION_INFO_PREFIX = "";
			};
			name = Debug;
		};
		FC4DEF5627DE1B8A00D06CFA /* Release */ = {
			isa = XCBuildConfiguration;
			buildSettings = {
				ALWAYS_SEARCH_USER_PATHS = NO;
				CLANG_ANALYZER_NONNULL = YES;
				CLANG_ANALYZER_NUMBER_OBJECT_CONVERSION = YES_AGGRESSIVE;
				CLANG_CXX_LANGUAGE_STANDARD = "gnu++17";
				CLANG_CXX_LIBRARY = "libc++";
				CLANG_ENABLE_MODULES = YES;
				CLANG_ENABLE_OBJC_ARC = YES;
				CLANG_ENABLE_OBJC_WEAK = YES;
				CLANG_WARN_BLOCK_CAPTURE_AUTORELEASING = YES;
				CLANG_WARN_BOOL_CONVERSION = YES;
				CLANG_WARN_COMMA = YES;
				CLANG_WARN_CONSTANT_CONVERSION = YES;
				CLANG_WARN_DEPRECATED_OBJC_IMPLEMENTATIONS = YES;
				CLANG_WARN_DIRECT_OBJC_ISA_USAGE = YES_ERROR;
				CLANG_WARN_DOCUMENTATION_COMMENTS = YES;
				CLANG_WARN_EMPTY_BODY = YES;
				CLANG_WARN_ENUM_CONVERSION = YES;
				CLANG_WARN_INFINITE_RECURSION = YES;
				CLANG_WARN_INT_CONVERSION = YES;
				CLANG_WARN_NON_LITERAL_NULL_CONVERSION = YES;
				CLANG_WARN_OBJC_IMPLICIT_RETAIN_SELF = YES;
				CLANG_WARN_OBJC_LITERAL_CONVERSION = YES;
				CLANG_WARN_OBJC_ROOT_CLASS = YES_ERROR;
				CLANG_WARN_QUOTED_INCLUDE_IN_FRAMEWORK_HEADER = YES;
				CLANG_WARN_RANGE_LOOP_ANALYSIS = YES;
				CLANG_WARN_STRICT_PROTOTYPES = YES;
				CLANG_WARN_SUSPICIOUS_MOVE = YES;
				CLANG_WARN_UNGUARDED_AVAILABILITY = YES_AGGRESSIVE;
				CLANG_WARN_UNREACHABLE_CODE = YES;
				CLANG_WARN__DUPLICATE_METHOD_MATCH = YES;
				COPY_PHASE_STRIP = NO;
				CURRENT_PROJECT_VERSION = 1;
				DEBUG_INFORMATION_FORMAT = "dwarf-with-dsym";
				ENABLE_NS_ASSERTIONS = NO;
				ENABLE_STRICT_OBJC_MSGSEND = YES;
				GCC_C_LANGUAGE_STANDARD = gnu11;
				GCC_NO_COMMON_BLOCKS = YES;
				GCC_WARN_64_TO_32_BIT_CONVERSION = YES;
				GCC_WARN_ABOUT_RETURN_TYPE = YES_ERROR;
				GCC_WARN_UNDECLARED_SELECTOR = YES;
				GCC_WARN_UNINITIALIZED_AUTOS = YES_AGGRESSIVE;
				GCC_WARN_UNUSED_FUNCTION = YES;
				GCC_WARN_UNUSED_VARIABLE = YES;
				IPHONEOS_DEPLOYMENT_TARGET = 15.2;
				MTL_ENABLE_DEBUG_INFO = NO;
				MTL_FAST_MATH = YES;
				SDKROOT = iphoneos;
				SWIFT_COMPILATION_MODE = wholemodule;
				SWIFT_OPTIMIZATION_LEVEL = "-O";
				VALIDATE_PRODUCT = YES;
				VERSIONING_SYSTEM = "apple-generic";
				VERSION_INFO_PREFIX = "";
			};
			name = Release;
		};
		FC4DEF5827DE1B8A00D06CFA /* Debug */ = {
			isa = XCBuildConfiguration;
			buildSettings = {
				CLANG_ENABLE_MODULES = YES;
				CODE_SIGN_STYLE = Automatic;
				CURRENT_PROJECT_VERSION = 1;
				DEFINES_MODULE = YES;
				DYLIB_COMPATIBILITY_VERSION = 1;
				DYLIB_CURRENT_VERSION = 1;
				DYLIB_INSTALL_NAME_BASE = "@rpath";
				GENERATE_INFOPLIST_FILE = YES;
				INFOPLIST_KEY_NSHumanReadableCopyright = "";
				INSTALL_PATH = "$(LOCAL_LIBRARY_DIR)/Frameworks";
				LD_RUNPATH_SEARCH_PATHS = (
					"$(inherited)",
					"@executable_path/Frameworks",
					"@loader_path/Frameworks",
				);
				MARKETING_VERSION = 1.0;
				PRODUCT_BUNDLE_IDENTIFIER = dev.sunbin.DataLayer;
				PRODUCT_NAME = "$(TARGET_NAME:c99extidentifier)";
				SKIP_INSTALL = YES;
				SWIFT_EMIT_LOC_STRINGS = YES;
				SWIFT_OPTIMIZATION_LEVEL = "-Onone";
				SWIFT_VERSION = 5.0;
				TARGETED_DEVICE_FAMILY = "1,2";
			};
			name = Debug;
		};
		FC4DEF5927DE1B8A00D06CFA /* Release */ = {
			isa = XCBuildConfiguration;
			buildSettings = {
				CLANG_ENABLE_MODULES = YES;
				CODE_SIGN_STYLE = Automatic;
				CURRENT_PROJECT_VERSION = 1;
				DEFINES_MODULE = YES;
				DYLIB_COMPATIBILITY_VERSION = 1;
				DYLIB_CURRENT_VERSION = 1;
				DYLIB_INSTALL_NAME_BASE = "@rpath";
				GENERATE_INFOPLIST_FILE = YES;
				INFOPLIST_KEY_NSHumanReadableCopyright = "";
				INSTALL_PATH = "$(LOCAL_LIBRARY_DIR)/Frameworks";
				LD_RUNPATH_SEARCH_PATHS = (
					"$(inherited)",
					"@executable_path/Frameworks",
					"@loader_path/Frameworks",
				);
				MARKETING_VERSION = 1.0;
				PRODUCT_BUNDLE_IDENTIFIER = dev.sunbin.DataLayer;
				PRODUCT_NAME = "$(TARGET_NAME:c99extidentifier)";
				SKIP_INSTALL = YES;
				SWIFT_EMIT_LOC_STRINGS = YES;
				SWIFT_VERSION = 5.0;
				TARGETED_DEVICE_FAMILY = "1,2";
			};
			name = Release;
		};
		FC4DEF5B27DE1B8A00D06CFA /* Debug */ = {
			isa = XCBuildConfiguration;
			buildSettings = {
				ALWAYS_EMBED_SWIFT_STANDARD_LIBRARIES = YES;
				CODE_SIGN_STYLE = Automatic;
				CURRENT_PROJECT_VERSION = 1;
				GENERATE_INFOPLIST_FILE = YES;
				MARKETING_VERSION = 1.0;
				PRODUCT_BUNDLE_IDENTIFIER = dev.sunbin.DataLayerTests;
				PRODUCT_NAME = "$(TARGET_NAME)";
				SWIFT_EMIT_LOC_STRINGS = NO;
				SWIFT_VERSION = 5.0;
				TARGETED_DEVICE_FAMILY = "1,2";
			};
			name = Debug;
		};
		FC4DEF5C27DE1B8A00D06CFA /* Release */ = {
			isa = XCBuildConfiguration;
			buildSettings = {
				ALWAYS_EMBED_SWIFT_STANDARD_LIBRARIES = YES;
				CODE_SIGN_STYLE = Automatic;
				CURRENT_PROJECT_VERSION = 1;
				GENERATE_INFOPLIST_FILE = YES;
				MARKETING_VERSION = 1.0;
				PRODUCT_BUNDLE_IDENTIFIER = dev.sunbin.DataLayerTests;
				PRODUCT_NAME = "$(TARGET_NAME)";
				SWIFT_EMIT_LOC_STRINGS = NO;
				SWIFT_VERSION = 5.0;
				TARGETED_DEVICE_FAMILY = "1,2";
			};
			name = Release;
		};
/* End XCBuildConfiguration section */

/* Begin XCConfigurationList section */
		FC4DEF3F27DE1B8A00D06CFA /* Build configuration list for PBXProject "DataLayer" */ = {
			isa = XCConfigurationList;
			buildConfigurations = (
				FC4DEF5527DE1B8A00D06CFA /* Debug */,
				FC4DEF5627DE1B8A00D06CFA /* Release */,
			);
			defaultConfigurationIsVisible = 0;
			defaultConfigurationName = Release;
		};
		FC4DEF5727DE1B8A00D06CFA /* Build configuration list for PBXNativeTarget "DataLayer" */ = {
			isa = XCConfigurationList;
			buildConfigurations = (
				FC4DEF5827DE1B8A00D06CFA /* Debug */,
				FC4DEF5927DE1B8A00D06CFA /* Release */,
			);
			defaultConfigurationIsVisible = 0;
			defaultConfigurationName = Release;
		};
		FC4DEF5A27DE1B8A00D06CFA /* Build configuration list for PBXNativeTarget "DataLayerTests" */ = {
			isa = XCConfigurationList;
			buildConfigurations = (
				FC4DEF5B27DE1B8A00D06CFA /* Debug */,
				FC4DEF5C27DE1B8A00D06CFA /* Release */,
			);
			defaultConfigurationIsVisible = 0;
			defaultConfigurationName = Release;
		};
/* End XCConfigurationList section */
	};
	rootObject = FC4DEF3C27DE1B8A00D06CFA /* Project object */;
}
